# This file is generated by running "yarn install" inside your project.
# Manual changes might be lost - proceed with caution!

__metadata:
  version: 9
  cacheKey: 10c0

"@babel/helper-string-parser@npm:^7.29.7":
  version: 7.29.7
  resolution: "@babel/helper-string-parser@npm:7.29.7"
  checksum: 10c0/194bc0f1716e396d5ffde56ad6119745fb9557662c98611590e5e454906783a4ccb21ce93056b8eb69a4909044834e45d96e50ac695bbe9e3221648fe033c06c
  languageName: node
  linkType: hard

"@babel/helper-validator-identifier@npm:^7.29.7":
  version: 7.29.7
  resolution: "@babel/helper-validator-identifier@npm:7.29.7"
  checksum: 10c0/4795354e7ae0dcafa72de1cd04ec51252dc1498517170beaf019e03effc5b7bf13c6b21a3949a77e07b8125be7f106ed1131350d8ebd4566ae874094a726d62b
  languageName: node
  linkType: hard

"@babel/parser@npm:^7.29.8":
  version: 7.29.8
  resolution: "@babel/parser@npm:7.29.8"
  dependencies:
    "@babel/types": "npm:^7.29.8"
  bin:
    parser: ./bin/babel-parser.js
  checksum: 10c0/acc890c5e6a6dd40863a47b50bac111d7185ee6fbbe163ebe11d5214854ca2adb901462ad4d718a65090ef84bd2230e9e8ab45a2e0caccc685f1f57ab0bb1e28
  languageName: node
  linkType: hard

"@babel/types@npm:^7.29.8":
  version: 7.29.8
  resolution: "@babel/types@npm:7.29.8"
  dependencies:
    "@babel/helper-string-parser": "npm:^7.29.7"
    "@babel/helper-validator-identifier": "npm:^7.29.7"
  checksum: 10c0/be7c279f0abf2a086c633e21b49c7ca80275d05283cc5a268b67a708c9914bd0c944f1422b3eb3cb37682a2af5d560abf520ccf9b01b53ecbfe6b71fbc3fdde6
  languageName: node
  linkType: hard

"@esbuild/aix-ppc64@npm:0.28.2":
  version: 0.28.2
  resolution: "@esbuild/aix-ppc64@npm:0.28.2"
  conditions: os=aix & cpu=ppc64
  languageName: node
  linkType: hard

"@esbuild/android-arm64@npm:0.28.2":
  version: 0.28.2
  resolution: "@esbuild/android-arm64@npm:0.28.2"
  conditions: os=android & cpu=arm64
  languageName: node
  linkType: hard

"@esbuild/android-arm@npm:0.28.2":
  version: 0.28.2
  resolution: "@esbuild/android-arm@npm:0.28.2"
  conditions: os=android & cpu=arm
  languageName: node
  linkType: hard

"@esbuild/android-x64@npm:0.28.2":
  version: 0.28.2
  resolution: "@esbuild/android-x64@npm:0.28.2"
  conditions: os=android & cpu=x64
  languageName: node
  linkType: hard

"@esbuild/darwin-arm64@npm:0.28.2":
  version: 0.28.2
  resolution: "@esbuild/darwin-arm64@npm:0.28.2"
  conditions: os=darwin & cpu=arm64
  languageName: node
  linkType: hard

"@esbuild/darwin-x64@npm:0.28.2":
  version: 0.28.2
  resolution: "@esbuild/darwin-x64@npm:0.28.2"
  conditions: os=darwin & cpu=x64
  languageName: node
  linkType: hard

"@esbuild/freebsd-arm64@npm:0.28.2":
  version: 0.28.2
  resolution: "@esbuild/freebsd-arm64@npm:0.28.2"
  conditions: os=freebsd & cpu=arm64
  languageName: node
  linkType: hard

"@esbuild/freebsd-x64@npm:0.28.2":
  version: 0.28.2
  resolution: "@esbuild/freebsd-x64@npm:0.28.2"
  conditions: os=freebsd & cpu=x64
  languageName: node
  linkType: hard

"@esbuild/linux-arm64@npm:0.28.2":
  version: 0.28.2
  resolution: "@esbuild/linux-arm64@npm:0.28.2"
  conditions: os=linux & cpu=arm64
  languageName: node
  linkType: hard

"@esbuild/linux-arm@npm:0.28.2":
  version: 0.28.2
  resolution: "@esbuild/linux-arm@npm:0.28.2"
  conditions: os=linux & cpu=arm
  languageName: node
  linkType: hard

"@esbuild/linux-ia32@npm:0.28.2":
  version: 0.28.2
  resolution: "@esbuild/linux-ia32@npm:0.28.2"
  conditions: os=linux & cpu=ia32
  languageName: node
  linkType: hard

"@esbuild/linux-loong64@npm:0.28.2":
  version: 0.28.2
  resolution: "@esbuild/linux-loong64@npm:0.28.2"
  conditions: os=linux & cpu=loong64
  languageName: node
  linkType: hard

"@esbuild/linux-mips64el@npm:0.28.2":
  version: 0.28.2
  resolution: "@esbuild/linux-mips64el@npm:0.28.2"
  conditions: os=linux & cpu=mips64el
  languageName: node
  linkType: hard

"@esbuild/linux-ppc64@npm:0.28.2":
  version: 0.28.2
  resolution: "@esbuild/linux-ppc64@npm:0.28.2"
  conditions: os=linux & cpu=ppc64
  languageName: node
  linkType: hard

"@esbuild/linux-riscv64@npm:0.28.2":
  version: 0.28.2
  resolution: "@esbuild/linux-riscv64@npm:0.28.2"
  conditions: os=linux & cpu=riscv64
  languageName: node
  linkType: hard

"@esbuild/linux-s390x@npm:0.28.2":
  version: 0.28.2
  resolution: "@esbuild/linux-s390x@npm:0.28.2"
  conditions: os=linux & cpu=s390x
  languageName: node
  linkType: hard

"@esbuild/linux-x64@npm:0.28.2":
  version: 0.28.2
  resolution: "@esbuild/linux-x64@npm:0.28.2"
  conditions: os=linux & cpu=x64
  languageName: node
  linkType: hard

"@esbuild/netbsd-arm64@npm:0.28.2":
  version: 0.28.2
  resolution: "@esbuild/netbsd-arm64@npm:0.28.2"
  conditions: os=netbsd & cpu=arm64
  languageName: node
  linkType: hard

"@esbuild/netbsd-x64@npm:0.28.2":
  version: 0.28.2
  resolution: "@esbuild/netbsd-x64@npm:0.28.2"
  conditions: os=netbsd & cpu=x64
  languageName: node
  linkType: hard

"@esbuild/openbsd-arm64@npm:0.28.2":
  version: 0.28.2
  resolution: "@esbuild/openbsd-arm64@npm:0.28.2"
  conditions: os=openbsd & cpu=arm64
  languageName: node
  linkType: hard

"@esbuild/openbsd-x64@npm:0.28.2":
  version: 0.28.2
  resolution: "@esbuild/openbsd-x64@npm:0.28.2"
  conditions: os=openbsd & cpu=x64
  languageName: node
  linkType: hard

"@esbuild/openharmony-arm64@npm:0.28.2":
  version: 0.28.2
  resolution: "@esbuild/openharmony-arm64@npm:0.28.2"
  conditions: os=openharmony & cpu=arm64
  languageName: node
  linkType: hard

"@esbuild/sunos-x64@npm:0.28.2":
  version: 0.28.2
  resolution: "@esbuild/sunos-x64@npm:0.28.2"
  conditions: os=sunos & cpu=x64
  languageName: node
  linkType: hard

"@esbuild/win32-arm64@npm:0.28.2":
  version: 0.28.2
  resolution: "@esbuild/win32-arm64@npm:0.28.2"
  conditions: os=win32 & cpu=arm64
  languageName: node
  linkType: hard

"@esbuild/win32-ia32@npm:0.28.2":
  version: 0.28.2
  resolution: "@esbuild/win32-ia32@npm:0.28.2"
  conditions: os=win32 & cpu=ia32
  languageName: node
  linkType: hard

"@esbuild/win32-x64@npm:0.28.2":
  version: 0.28.2
  resolution: "@esbuild/win32-x64@npm:0.28.2"
  conditions: os=win32 & cpu=x64
  languageName: node
  linkType: hard

"@jridgewell/sourcemap-codec@npm:^1.5.5":
  version: 1.6.0
  resolution: "@jridgewell/sourcemap-codec@npm:1.6.0"
  checksum: 10c0/b5be700e45a775f218589c3466c4ffea630582b4988657652da464e5ab8a7d18bf928ee4fd2363fb346ede4bea9c6ff0bae05a538358c4565ece6199531b5f72
  languageName: node
  linkType: hard

"@noble/hashes@npm:^1.1.5":
  version: 1.8.0
  resolution: "@noble/hashes@npm:1.8.0"
  checksum: 10c0/06a0b52c81a6fa7f04d67762e08b2c476a00285858150caeaaff4037356dd5e119f45b2a530f638b77a5eeca013168ec1b655db41bae3236cb2e9d511484fc77
  languageName: node
  linkType: hard

"@paralleldrive/cuid2@npm:^2.2.2":
  version: 2.3.1
  resolution: "@paralleldrive/cuid2@npm:2.3.1"
  dependencies:
    "@noble/hashes": "npm:^1.1.5"
  checksum: 10c0/6576b73de49d826b0f33cbab88424dec1f6fa454a9e59a7b621f78c2cfdd2e59d7f48175826d698940a717f45eeb5e87a508583a7316e608f6a05a861a40c129
  languageName: node
  linkType: hard

"@types/js-yaml@npm:^4.0.9":
  version: 4.0.9
  resolution: "@types/js-yaml@npm:4.0.9"
  checksum: 10c0/24de857aa8d61526bbfbbaa383aa538283ad17363fcd5bb5148e2c7f604547db36646440e739d78241ed008702a8920665d1add5618687b6743858fae00da211
  languageName: node
  linkType: hard

"@types/node@npm:^24.3.1":
  version: 24.13.3
  resolution: "@types/node@npm:24.13.3"
  dependencies:
    undici-types: "npm:~7.18.0"
  checksum: 10c0/a5bc08f49b9581dcdca90e02cd77197a3c799840807664942e5cd5161a553d4d2ae8064f7e3294410d748d7d098b5c1848be7fa50c06f29c4193ab16be4e59eb
  languageName: node
  linkType: hard

"@velocelab/backend@workspace:.":
  version: 0.0.0-use.local
  resolution: "@velocelab/backend@workspace:."
  dependencies:
    "@types/node": "npm:^24.3.1"
    typescript: "npm:^5.9.2"
    yumeri: "npm:^3.0.0"
  languageName: unknown
  linkType: soft

"@velocelab/core@workspace:packages/core":
  version: 0.0.0-use.local
  resolution: "@velocelab/core@workspace:packages/core"
  peerDependencies:
    yumeri: ^3.0.0
  languageName: unknown
  linkType: soft

"@velocelab/file@workspace:packages/file":
  version: 0.0.0-use.local
  resolution: "@velocelab/file@workspace:packages/file"
  peerDependencies:
    yumeri: ^3.0.0
  languageName: unknown
  linkType: soft

"@velocelab/http@workspace:packages/http":
  version: 0.0.0-use.local
  resolution: "@velocelab/http@workspace:packages/http"
  peerDependencies:
    yumeri: ^3.0.0
  languageName: unknown
  linkType: soft

"@vue/compiler-core@npm:3.5.42":
  version: 3.5.42
  resolution: "@vue/compiler-core@npm:3.5.42"
  dependencies:
    "@babel/parser": "npm:^7.29.8"
    "@vue/shared": "npm:3.5.42"
    entities: "npm:^7.0.1"
    estree-walker: "npm:^2.0.2"
    source-map-js: "npm:^1.2.1"
  checksum: 10c0/9229c0990a5ee514ec4394bb16a8a382b3b1b412edc69fca8d7cd6c171e0714ebdd0612da6c08c1e6bdd8a588d4dd8f8b55f802574047b90bd5db41be9791312
  languageName: node
  linkType: hard

"@vue/compiler-dom@npm:3.5.42":
  version: 3.5.42
  resolution: "@vue/compiler-dom@npm:3.5.42"
  dependencies:
    "@vue/compiler-core": "npm:3.5.42"
    "@vue/shared": "npm:3.5.42"
  checksum: 10c0/70e88612b9fc8ca4a686121e474b808153dc9e54ad57d4e09024a737d17f9ad9e0fcf8e0ac3daaad2bfb45154b0f041fcfbdb612420d5d505ba72b9addcf4553
  languageName: node
  linkType: hard

"@vue/compiler-sfc@npm:^3.5.25":
  version: 3.5.42
  resolution: "@vue/compiler-sfc@npm:3.5.42"
  dependencies:
    "@babel/parser": "npm:^7.29.8"
    "@vue/compiler-core": "npm:3.5.42"
    "@vue/compiler-dom": "npm:3.5.42"
    "@vue/compiler-ssr": "npm:3.5.42"
    "@vue/shared": "npm:3.5.42"
    estree-walker: "npm:^2.0.2"
    magic-string: "npm:^0.30.21"
    postcss: "npm:^8.5.19"
    source-map-js: "npm:^1.2.1"
  checksum: 10c0/10df6550ce588c4d1f8582747c08f017880f81ecbf82614ea2a94843585a1ed48e653948e29d17b0a3ccd2195a18b9378bc82e07fd29c67772cb776c27fa945c
  languageName: node
  linkType: hard

"@vue/compiler-ssr@npm:3.5.42":
  version: 3.5.42
  resolution: "@vue/compiler-ssr@npm:3.5.42"
  dependencies:
    "@vue/compiler-dom": "npm:3.5.42"
    "@vue/shared": "npm:3.5.42"
  checksum: 10c0/6fac96cd401bae3acc77332c05b2a50ffde9356183ad012990d64bd26515baea1b882ef03e596ee552193b48a07a171c09d7392c46a6e4de323a8f3eed557990
  languageName: node
  linkType: hard

"@vue/shared@npm:3.5.42":
  version: 3.5.42
  resolution: "@vue/shared@npm:3.5.42"
  checksum: 10c0/9926d037d7956d1ca50b4bf20497c4663dd37e6bafa117be5df49d3929c8ec4ffc0ee5d3983805e86cdea5f8f9f7c1f3a0cbeb8f956e1812909635198f21a048
  languageName: node
  linkType: hard

"@yumerijs/core@npm:^3.0.0":
  version: 3.0.0
  resolution: "@yumerijs/core@npm:3.0.0"
  dependencies:
    chokidar: "npm:^4.0.3"
    formidable: "npm:^3.5.4"
    js-yaml: "npm:^4.1.0"
    mime-types: "npm:^3.0.1"
    picocolors: "npm:^1.1.1"
    semver: "npm:^7.8.4"
    ws: "npm:^8.18.3"
  checksum: 10c0/665771737ace03fafc1ff38dbfac36471bd90c6bc1edf8fa1824e8e9436a0beffc09ce0578b6e9293ebb75333d701928db579ecb8ae68857e77e745e171b5f79
  languageName: node
  linkType: hard

"@yumerijs/loader@npm:^3.0.0":
  version: 3.0.0
  resolution: "@yumerijs/loader@npm:3.0.0"
  dependencies:
    "@types/js-yaml": "npm:^4.0.9"
    "@vue/compiler-sfc": "npm:^3.5.25"
    chokidar: "npm:^4.0.3"
    esbuild: "npm:^0.28.1"
    js-yaml: "npm:^4.1.0"
  peerDependencies:
    "@yumerijs/core": ^3.0.0
  checksum: 10c0/7476eaf9f62d2d4b40767f1a07114857b23a422e4ca7d9a13eeb4cdb01cf33cb8209b5e9f8f57e63afc76f7975ff7f4ab1d9978820e081d7474503291e112adc
  languageName: node
  linkType: hard

"@yumerijs/types@npm:^3.0.0":
  version: 3.0.0
  resolution: "@yumerijs/types@npm:3.0.0"
  checksum: 10c0/f01ff49d3497b53127e374ca3b66e63a7ab4024ce71aca1fc43e6f649c9d40d6b00058361d7d0170fda593ad6e21a6c241fa6f92e652abfa8237909cb1761a0a
  languageName: node
  linkType: hard

"argparse@npm:^2.0.1":
  version: 2.0.1
  resolution: "argparse@npm:2.0.1"
  checksum: 10c0/c5640c2d89045371c7cedd6a70212a04e360fd34d6edeae32f6952c63949e3525ea77dbec0289d8213a99bbaeab5abfa860b5c12cf88a2e6cf8106e90dd27a7e
  languageName: node
  linkType: hard

"asap@npm:^2.0.0":
  version: 2.0.6
  resolution: "asap@npm:2.0.6"
  checksum: 10c0/c6d5e39fe1f15e4b87677460bd66b66050cd14c772269cee6688824c1410a08ab20254bb6784f9afb75af9144a9f9a7692d49547f4d19d715aeb7c0318f3136d
  languageName: node
  linkType: hard

"cac@npm:^6.7.14":
  version: 6.7.14
  resolution: "cac@npm:6.7.14"
  checksum: 10c0/4ee06aaa7bab8981f0d54e5f5f9d4adcd64058e9697563ce336d8a3878ed018ee18ebe5359b2430eceae87e0758e62ea2019c3f52ae6e211b1bd2e133856cd10
  languageName: node
  linkType: hard

"chokidar@npm:^4.0.3":
  version: 4.0.3
  resolution: "chokidar@npm:4.0.3"
  dependencies:
    readdirp: "npm:^4.0.1"
  checksum: 10c0/a58b9df05bb452f7d105d9e7229ac82fa873741c0c40ddcc7bb82f8a909fbe3f7814c9ebe9bc9a2bef9b737c0ec6e2d699d179048ef06ad3ec46315df0ebe6ad
  languageName: node
  linkType: hard

"dezalgo@npm:^1.0.4":
  version: 1.0.4
  resolution: "dezalgo@npm:1.0.4"
  dependencies:
    asap: "npm:^2.0.0"
    wrappy: "npm:1"
  checksum: 10c0/8a870ed42eade9a397e6141fe5c025148a59ed52f1f28b1db5de216b4d57f0af7a257070c3af7ce3d5508c1ce9dd5009028a76f4b2cc9370dc56551d2355fad8
  languageName: node
  linkType: hard

"entities@npm:^7.0.1":
  version: 7.0.1
  resolution: "entities@npm:7.0.1"
  checksum: 10c0/b4fb9937bb47ecb00aaaceb9db9cdd1cc0b0fb649c0e843d05cf5dbbd2e9d2df8f98721d8b1b286445689c72af7b54a7242fc2d63ef7c9739037a8c73363e7ca
  languageName: node
  linkType: hard

"esbuild@npm:^0.28.1":
  version: 0.28.2
  resolution: "esbuild@npm:0.28.2"
  dependencies:
    "@esbuild/aix-ppc64": "npm:0.28.2"
    "@esbuild/android-arm": "npm:0.28.2"
    "@esbuild/android-arm64": "npm:0.28.2"
    "@esbuild/android-x64": "npm:0.28.2"
    "@esbuild/darwin-arm64": "npm:0.28.2"
    "@esbuild/darwin-x64": "npm:0.28.2"
    "@esbuild/freebsd-arm64": "npm:0.28.2"
    "@esbuild/freebsd-x64": "npm:0.28.2"
    "@esbuild/linux-arm": "npm:0.28.2"
    "@esbuild/linux-arm64": "npm:0.28.2"
    "@esbuild/linux-ia32": "npm:0.28.2"
    "@esbuild/linux-loong64": "npm:0.28.2"
    "@esbuild/linux-mips64el": "npm:0.28.2"
    "@esbuild/linux-ppc64": "npm:0.28.2"
    "@esbuild/linux-riscv64": "npm:0.28.2"
    "@esbuild/linux-s390x": "npm:0.28.2"
    "@esbuild/linux-x64": "npm:0.28.2"
    "@esbuild/netbsd-arm64": "npm:0.28.2"
    "@esbuild/netbsd-x64": "npm:0.28.2"
    "@esbuild/openbsd-arm64": "npm:0.28.2"
    "@esbuild/openbsd-x64": "npm:0.28.2"
    "@esbuild/openharmony-arm64": "npm:0.28.2"
    "@esbuild/sunos-x64": "npm:0.28.2"
    "@esbuild/win32-arm64": "npm:0.28.2"
    "@esbuild/win32-ia32": "npm:0.28.2"
    "@esbuild/win32-x64": "npm:0.28.2"
  dependenciesMeta:
    "@esbuild/aix-ppc64":
      optional: true
    "@esbuild/android-arm":
      optional: true
    "@esbuild/android-arm64":
      optional: true
    "@esbuild/android-x64":
      optional: true
    "@esbuild/darwin-arm64":
      optional: true
    "@esbuild/darwin-x64":
      optional: true
    "@esbuild/freebsd-arm64":
      optional: true
    "@esbuild/freebsd-x64":
      optional: true
    "@esbuild/linux-arm":
      optional: true
    "@esbuild/linux-arm64":
      optional: true
    "@esbuild/linux-ia32":
      optional: true
    "@esbuild/linux-loong64":
      optional: true
    "@esbuild/linux-mips64el":
      optional: true
    "@esbuild/linux-ppc64":
      optional: true
    "@esbuild/linux-riscv64":
      optional: true
    "@esbuild/linux-s390x":
      optional: true
    "@esbuild/linux-x64":
      optional: true
    "@esbuild/netbsd-arm64":
      optional: true
    "@esbuild/netbsd-x64":
      optional: true
    "@esbuild/openbsd-arm64":
      optional: true
    "@esbuild/openbsd-x64":
      optional: true
    "@esbuild/openharmony-arm64":
      optional: true
    "@esbuild/sunos-x64":
      optional: true
    "@esbuild/win32-arm64":
      optional: true
    "@esbuild/win32-ia32":
      optional: true
    "@esbuild/win32-x64":
      optional: true
  bin:
    esbuild: bin/esbuild
  checksum: 10c0/9b19edb63bd7780fd2e8e65a1394a0e8a05a17d697f73f0647ffe3c134709d8dbe744ab3fd57b35c9470db268cae7678fafd3dcd3ce1f34fc590568c2433f5d2
  languageName: node
  linkType: hard

"estree-walker@npm:^2.0.2":
  version: 2.0.2
  resolution: "estree-walker@npm:2.0.2"
  checksum: 10c0/53a6c54e2019b8c914dc395890153ffdc2322781acf4bd7d1a32d7aedc1710807bdcd866ac133903d5629ec601fbb50abe8c2e5553c7f5a0afdd9b6af6c945af
  languageName: node
  linkType: hard

"formidable@npm:^3.5.4":
  version: 3.5.4
  resolution: "formidable@npm:3.5.4"
  dependencies:
    "@paralleldrive/cuid2": "npm:^2.2.2"
    dezalgo: "npm:^1.0.4"
    once: "npm:^1.4.0"
  checksum: 10c0/3a311ce57617eb8f532368e91c0f2bbfb299a0f1a35090e085bd6ca772298f196fbb0b66f0d4b5549d7bf3c5e1844439338d4402b7b6d1fedbe206ad44a931f8
  languageName: node
  linkType: hard

"js-yaml@npm:^4.1.0, js-yaml@npm:^4.1.1":
  version: 4.3.2
  resolution: "js-yaml@npm:4.3.2"
  dependencies:
    argparse: "npm:^2.0.1"
  bin:
    js-yaml: bin/js-yaml.js
  checksum: 10c0/dedd34c2e8fef1d504687f1bc94ed0ee1311a1f78770fa2800352c6d59c635ccf555009d74e9afe529ae62199da2b1ccef30e53dc84dcd8d2d8187c22574bc97
  languageName: node
  linkType: hard

"magic-string@npm:^0.30.21":
  version: 0.30.21
  resolution: "magic-string@npm:0.30.21"
  dependencies:
    "@jridgewell/sourcemap-codec": "npm:^1.5.5"
  checksum: 10c0/299378e38f9a270069fc62358522ddfb44e94244baa0d6a8980ab2a9b2490a1d03b236b447eee309e17eb3bddfa482c61259d47960eb018a904f0ded52780c4a
  languageName: node
  linkType: hard

"mime-db@npm:^1.54.0":
  version: 1.54.0
  resolution: "mime-db@npm:1.54.0"
  checksum: 10c0/8d907917bc2a90fa2df842cdf5dfeaf509adc15fe0531e07bb2f6ab15992416479015828d6a74200041c492e42cce3ebf78e5ce714388a0a538ea9c53eece284
  languageName: node
  linkType: hard

"mime-types@npm:^3.0.1":
  version: 3.0.2
  resolution: "mime-types@npm:3.0.2"
  dependencies:
    mime-db: "npm:^1.54.0"
  checksum: 10c0/35a0dd1035d14d185664f346efcdb72e93ef7a9b6e9ae808bd1f6358227010267fab52657b37562c80fc888ff76becb2b2938deb5e730818b7983bf8bd359767
  languageName: node
  linkType: hard

"nanoid@npm:^3.3.17":
  version: 3.3.18
  resolution: "nanoid@npm:3.3.18"
  bin:
    nanoid: bin/nanoid.cjs
  checksum: 10c0/b994b4e396730f8be2520923284e2040d61eaee55cc6d4935ef6d38d34bafdc46133eda4d3faea5073bda545aa6079d82b886caeac5c731cf9ac18bcc1301425
  languageName: node
  linkType: hard

"once@npm:^1.4.0":
  version: 1.4.0
  resolution: "once@npm:1.4.0"
  dependencies:
    wrappy: "npm:1"
  checksum: 10c0/5d48aca287dfefabd756621c5dfce5c91a549a93e9fdb7b8246bc4c4790aa2ec17b34a260530474635147aeb631a2dcc8b32c613df0675f96041cbb8244517d0
  languageName: node
  linkType: hard

"picocolors@npm:^1.1.1":
  version: 1.1.1
  resolution: "picocolors@npm:1.1.1"
  checksum: 10c0/e2e3e8170ab9d7c7421969adaa7e1b31434f789afb9b3f115f6b96d91945041ac3ceb02e9ec6fe6510ff036bcc0bf91e69a1772edc0b707e12b19c0f2d6bcf58
  languageName: node
  linkType: hard

"postcss@npm:^8.5.19":
  version: 8.5.26
  resolution: "postcss@npm:8.5.26"
  dependencies:
    nanoid: "npm:^3.3.17"
    picocolors: "npm:^1.1.1"
    source-map-js: "npm:^1.2.1"
  checksum: 10c0/2bdafc00d96bd57b6649a52e458864a4bf58ee56cfdbe4aea1472b5cccc127e6c1ad653bd0bec50d211e650eb0b9270c80e1e72aff2e2fa40d9e7363234d6e43
  languageName: node
  linkType: hard

"readdirp@npm:^4.0.1":
  version: 4.1.2
  resolution: "readdirp@npm:4.1.2"
  checksum: 10c0/60a14f7619dec48c9c850255cd523e2717001b0e179dc7037cfa0895da7b9e9ab07532d324bfb118d73a710887d1e35f79c495fa91582784493e085d18c72c62
  languageName: node
  linkType: hard

"semver@npm:^7.8.4":
  version: 7.8.5
  resolution: "semver@npm:7.8.5"
  bin:
    semver: bin/semver.js
  checksum: 10c0/b1f3127a5be8125a94f37188b361c212466c292c6910adce3ec106cff5dc211ccaedc4739c11bb70fda59d6fc1f040a9bca289f4e093451521a2372e5231fe0c
  languageName: node
  linkType: hard

"source-map-js@npm:^1.2.1":
  version: 1.2.1
  resolution: "source-map-js@npm:1.2.1"
  checksum: 10c0/7bda1fc4c197e3c6ff17de1b8b2c20e60af81b63a52cb32ec5a5d67a20a7d42651e2cb34ebe93833c5a2a084377e17455854fee3e21e7925c64a51b6a52b0faf
  languageName: node
  linkType: hard

"typescript@npm:^5.9.2":
  version: 5.9.3
  resolution: "typescript@npm:5.9.3"
  bin:
    tsc: bin/tsc
    tsserver: bin/tsserver
  checksum: 10c0/6bd7552ce39f97e711db5aa048f6f9995b53f1c52f7d8667c1abdc1700c68a76a308f579cd309ce6b53646deb4e9a1be7c813a93baaf0a28ccd536a30270e1c5
  languageName: node
  linkType: hard

"typescript@patch:typescript@npm%3A^5.9.2#optional!builtin<compat/typescript>":
  version: 5.9.3
  resolution: "typescript@patch:typescript@npm%3A5.9.3#optional!builtin<compat/typescript>::version=5.9.3&hash=5786d5"
  bin:
    tsc: bin/tsc
    tsserver: bin/tsserver
  checksum: 10c0/ad09fdf7a756814dce65bc60c1657b40d44451346858eea230e10f2e95a289d9183b6e32e5c11e95acc0ccc214b4f36289dcad4bf1886b0adb84d711d336a430
  languageName: node
  linkType: hard

"undici-types@npm:~7.18.0":
  version: 7.18.2
  resolution: "undici-types@npm:7.18.2"
  checksum: 10c0/85a79189113a238959d7a647368e4f7c5559c3a404ebdb8fc4488145ce9426fcd82252a844a302798dfc0e37e6fb178ff481ed03bc4caf634c5757d9ef43521d
  languageName: node
  linkType: hard

"wrappy@npm:1":
  version: 1.0.2
  resolution: "wrappy@npm:1.0.2"
  checksum: 10c0/56fece1a4018c6a6c8e28fbc88c87e0fbf4ea8fd64fc6c63b18f4acc4bd13e0ad2515189786dd2c30d3eec9663d70f4ecf699330002f8ccb547e4a18231fc9f0
  languageName: node
  linkType: hard

"ws@npm:^8.18.3":
  version: 8.21.3
  resolution: "ws@npm:8.21.3"
  peerDependencies:
    bufferutil: ^4.0.1
    utf-8-validate: ">=5.0.2"
  peerDependenciesMeta:
    bufferutil:
      optional: true
    utf-8-validate:
      optional: true
  checksum: 10c0/7b28dc2863ea0e2cece68d142a3eee90361021b73f750431e6d8076bb7dede5fdfdb75b3d29534b62f411261147b76b1bc80fb5cc63ab0aabd467280e85b22e0
  languageName: node
  linkType: hard

"yumeri@npm:^3.0.0":
  version: 3.0.0
  resolution: "yumeri@npm:3.0.0"
  dependencies:
    "@yumerijs/core": "npm:^3.0.0"
    "@yumerijs/loader": "npm:^3.0.0"
    "@yumerijs/types": "npm:^3.0.0"
    cac: "npm:^6.7.14"
    js-yaml: "npm:^4.1.1"
  bin:
    yumeri: bin.js
  checksum: 10c0/ed56e98274a87b4af4cf5d955f80dc8b3c61f6c65d5f0f92a8ce37743d19fa44ae5a31f0326a24b2ebb6385b68ff5cce0caa260b9779dfbf977cc52c5ee0dafb
  languageName: node
  linkType: hard
